{
  "name": "django-spire",
  "lockfileVersion": 3,
  "requires": true,
  "packages": {
    "": {
      "devDependencies": {
        "@alpinejs/collapse": "3.15.12",
        "@alpinejs/focus": "3.15.12",
        "@alpinejs/intersect": "3.15.12",
        "@alpinejs/mask": "3.15.12",
        "@alpinejs/persist": "3.15.12",
        "@alpinejs/sort": "3.15.12",
        "@happy-dom/global-registrator": "20.7.0",
        "alpinejs": "3.15.12",
        "bootstrap": "5.3.8",
        "bootstrap-icons": "1.13.1",
        "echarts": "6.1.0",
        "pulltorefreshjs": "0.1.22"
      }
    },
    "node_modules/@alpinejs/collapse": {
      "version": "3.15.12",
      "resolved": "https://registry.npmjs.org/@alpinejs/collapse/-/collapse-3.15.12.tgz",
      "integrity": "sha512-BKNANLtNXuWYOSAnajSKLPjTsmHRNrv0ALFTbpmqt2/klHFooPhctSwkhFVPQb7rZ8BjEKHmNaBwnSbgtpk6xg==",
      "dev": true,
      "license": "MIT"
    },
    "node_modules/@alpinejs/focus": {
      "version": "3.15.12",
      "resolved": "https://registry.npmjs.org/@alpinejs/focus/-/focus-3.15.12.tgz",
      "integrity": "sha512-lmqbFTlbQGywDgsW4dY0pv18CKhuHJrq8mffU1OO14J34uUk+lCQElmSgJdRGHYv9qBezE6zdvmhN6n2tg0A1A==",
      "dev": true,
      "license": "MIT",
      "dependencies": {
        "focus-trap": "^8.0.0",
        "tabbable": "^6.4.0"
      }
    },
    "node_modules/@alpinejs/intersect": {
      "version": "3.15.12",
      "resolved": "https://registry.npmjs.org/@alpinejs/intersect/-/intersect-3.15.12.tgz",
      "integrity": "sha512-B2AlMDgx4xlRQjpDHO9SZrYur5cZkPZK0K6uY4Se+MmdePhIQ8m36gHGe0UKIYkFQkBGhVhPICGVoMYpSSYMWg==",
      "dev": true,
      "license": "MIT"
    },
    "node_modules/@alpinejs/mask": {
      "version": "3.15.12",
      "resolved": "https://registry.npmjs.org/@alpinejs/mask/-/mask-3.15.12.tgz",
      "integrity": "sha512-FcOVQp+tsIiBeNwWsH1BjAhJa+R/b6Tv6sPfSMRZlp1e/4w4H44Kagd9Aq86xpFgeI5dibJil2TG0+3LqB4JoA==",
      "dev": true,
      "license": "MIT"
    },
    "node_modules/@alpinejs/persist": {
      "version": "3.15.12",
      "resolved": "https://registry.npmjs.org/@alpinejs/persist/-/persist-3.15.12.tgz",
      "integrity": "sha512-vzDRf/3r8B5ihHvLYUkkg+XbJz4nNst+5jR5BM4Uff3BhdRenJlXKFnd3kYbM2Z/KCU65zg5neqOVhbNpytZ9A==",
      "dev": true,
      "license": "MIT"
    },
    "node_modules/@alpinejs/sort": {
      "version": "3.15.12",
      "resolved": "https://registry.npmjs.org/@alpinejs/sort/-/sort-3.15.12.tgz",
      "integrity": "sha512-DNIS7SQFg4H4o5faluRgqYEPi1Q7Hf+HMDgoCcIHXbXWH0g66WPEzz9OMk1zsUYib0KxMms4xXOqk+xh2tHZzg==",
      "dev": true,
      "license": "MIT",
      "dependencies": {
        "sortablejs": "^1.15.2"
      }
    },
    "node_modules/@happy-dom/global-registrator": {
      "version": "20.7.0",
      "resolved": "https://registry.npmjs.org/@happy-dom/global-registrator/-/global-registrator-20.7.0.tgz",
      "integrity": "sha512-JdsfSUVeWDP8klYL4y4C4Fae0nAv2V/2W+gHhdiuktyKGZvbSZfJpsk4loakPhTtxt91KHdDroXCCZcFIJrfYQ==",
      "dev": true,
      "license": "MIT",
      "dependencies": {
        "@types/node": ">=20.0.0",
        "happy-dom": "^20.7.0"
      },
      "engines": {
        "node": ">=20.0.0"
      }
    },
    "node_modules/@popperjs/core": {
      "version": "2.11.8",
      "resolved": "https://registry.npmjs.org/@popperjs/core/-/core-2.11.8.tgz",
      "integrity": "sha512-P1st0aksCrn9sGZhp8GMYwBnQsbvAWsZAX44oXNNvLHGqAOcoVxmjZiohstwQ7SqKnbR47akdNi+uleWD8+g6A==",
      "dev": true,
      "license": "MIT",
      "peer": true,
      "funding": {
        "type": "opencollective",
        "url": "https://opencollective.com/popperjs"
      }
    },
    "node_modules/@types/node": {
      "version": "26.6.5",
      "resolved": "https://registry.npmjs.org/@types/node/-/node-26.6.5.tgz",
      "integrity": "sha512-uMzsv9stDdofIZBx4UGh4Z9ZgXnGC9seRDscilBcTHAeOFk67MZg/k9bWVfO+bk4qZmG+l52hRnLwUiH2LnJTg==",
      "dev": true,
      "license": "MIT",
      "dependencies": {
        "undici-types": "~8.9.0"
      }
    },
    "node_modules/@types/whatwg-mimetype": {
      "version": "3.0.2",
      "resolved": "https://registry.npmjs.org/@types/whatwg-mimetype/-/whatwg-mimetype-3.0.2.tgz",
      "integrity": "sha512-c2AKvDT8ToxLIOUlN51gTiHXflsfIFisS4pO7pDPoKouJCESkhZnEy623gwP9laCy5lnLDAw1vAzu2vM2YLOrA==",
      "dev": true,
      "license": "MIT"
    },
    "node_modules/@types/ws": {
      "version": "8.18.2",
      "resolved": "https://registry.npmjs.org/@types/ws/-/ws-8.18.2.tgz",
      "integrity": "sha512-67MQl+fpWKVTT1NYdnmo3U4sc/xPo/zQBncVnI74qmQa0z/b+1g6iYqNmGCPbxO+zz2aklb08a0oHfegiVd0/w==",
      "dev": true,
      "license": "MIT",
      "dependencies": {
        "@types/node": "*"
      }
    },
    "node_modules/@vue/reactivity": {
      "version": "3.1.5",
      "resolved": "https://registry.npmjs.org/@vue/reactivity/-/reactivity-3.1.5.tgz",
      "integrity": "sha512-1tdfLmNjWG6t/CsPldh+foumYFo3cpyCHgBYQ34ylaMsJ+SNHQ1kApMIa8jN+i593zQuaw3AdWH0nJTARzCFhg==",
      "dev": true,
      "license": "MIT",
      "dependencies": {
        "@vue/shared": "3.1.5"
      }
    },
    "node_modules/@vue/shared": {
      "version": "3.1.5",
      "resolved": "https://registry.npmjs.org/@vue/shared/-/shared-3.1.5.tgz",
      "integrity": "sha512-oJ4F3TnvpXaQwZJNF3ZK+kLPHKarDmJjJ6jyzVNDKH9md1dptjC7lWR//jrGuLdek/U6iltWxqAnYOu8gCiOvA==",
      "dev": true,
      "license": "MIT"
    },
    "node_modules/alpinejs": {
      "version": "3.15.12",
      "resolved": "https://registry.npmjs.org/alpinejs/-/alpinejs-3.15.12.tgz",
      "integrity": "sha512-nJvPAQVNPdZZ0NrExJ/kzQco3ijR8LwvCOadQecllESiqT4NyZ/57sN9V2XyvhlBGAbmlKYgeWZvYdKq99ij/Q==",
      "dev": true,
      "license": "MIT",
      "dependencies": {
        "@vue/reactivity": "~3.1.1"
      }
    },
    "node_modules/bootstrap": {
      "version": "5.3.8",
      "resolved": "https://registry.npmjs.org/bootstrap/-/bootstrap-5.3.8.tgz",
      "integrity": "sha512-HP1SZDqaLDPwsNiqRqi5NcP0SSXciX2s9E+RyqJIIqGo+vJeN5AJVM98CXmW/Wux0nQ5L7jeWUdplCEf0Ee+tg==",
      "dev": true,
      "funding": [
        {
          "type": "github",
          "url": "https://github.com/sponsors/twbs"
        },
        {
          "type": "opencollective",
          "url": "https://opencollective.com/bootstrap"
        }
      ],
      "license": "MIT",
      "peerDependencies": {
        "@popperjs/core": "^2.11.8"
      }
    },
    "node_modules/bootstrap-icons": {
      "version": "1.13.1",
      "resolved": "https://registry.npmjs.org/bootstrap-icons/-/bootstrap-icons-1.13.1.tgz",
      "integrity": "sha512-ijombt4v6bv5CLeXvRWKy7CuM3TRTuPEuGaGKvTV5cz65rQSY8RQ2JcHt6b90cBBAC7s8fsf2EkQDldzCoXUjw==",
      "dev": true,
      "funding": [
        {
          "type": "github",
          "url": "https://github.com/sponsors/twbs"
        },
        {
          "type": "opencollective",
          "url": "https://opencollective.com/bootstrap"
        }
      ],
      "license": "MIT"
    },
    "node_modules/buffer-image-size": {
      "version": "0.6.4",
      "resolved": "https://registry.npmjs.org/buffer-image-size/-/buffer-image-size-0.6.4.tgz",
      "integrity": "sha512-nEh+kZOPY1w+gcCMobZ6ETUp9WfibndnosbpwB1iJk/8Gt5ZF2bhS6+B6bPYz424KtwsR6Rflc3tCz1/ghX2dQ==",
      "dev": true,
      "license": "MIT",
      "dependencies": {
        "@types/node": "*"
      },
      "engines": {
        "node": ">=4.0"
      }
    },
    "node_modules/echarts": {
      "version": "6.1.0",
      "resolved": "https://registry.npmjs.org/echarts/-/echarts-6.1.0.tgz",
      "integrity": "sha512-q0yaFPggC9FUdsWH4blavRWFmxdrIodbkoKNAjJudAI6CA9gNPxHtV2RcZNEepZVlk4yvBYkOkbk6HIVpIyHZA==",
      "dev": true,
      "license": "Apache-2.0",
      "dependencies": {
        "tslib": "2.3.0",
        "zrender": "6.1.0"
      }
    },
    "node_modules/entities": {
      "version": "7.0.1",
      "resolved": "https://registry.npmjs.org/entities/-/entities-7.0.1.tgz",
      "integrity": "sha512-TWrgLOFUQTH994YUyl1yT4uyavY5nNB5muff+RtWaqNVCAK408b5ZnnbNAUEWLTCpum9w6arT70i1XdQ4UeOPA==",
      "dev": true,
      "license": "BSD-2-Clause",
      "engines": {
        "node": ">=0.12"
      },
      "funding": {
        "url": "https://github.com/fb55/entities?sponsor=1"
      }
    },
    "node_modules/focus-trap": {
      "version": "8.2.2",
      "resolved": "https://registry.npmjs.org/focus-trap/-/focus-trap-8.2.2.tgz",
      "integrity": "sha512-qV0g8hRYBqgACcFOH3f9wXc4zPKhr/0z9RI2a6ZijZ72EeBi4g8oBy8zAWuUR1TsMpOzwpUMFvjdasrC41Joug==",
      "dev": true,
      "license": "MIT",
      "dependencies": {
        "tabbable": "^6.5.0"
      }
    },
    "node_modules/happy-dom": {
      "version": "20.14.6",
      "resolved": "https://registry.npmjs.org/happy-dom/-/happy-dom-20.14.6.tgz",
      "integrity": "sha512-5DDsf4QmEIlRL6NkCv/fxSjYHHkZceL/IaYQdJc2h3G7DRTEai++VTjbfL0LB9geW2VrA3+vrjF3Efx+OTtX0Q==",
      "dev": true,
      "license": "MIT",
      "dependencies": {
        "@types/node": ">=20.0.0",
        "@types/whatwg-mimetype": "^3.0.2",
        "@types/ws": "^8.18.1",
        "buffer-image-size": "^0.6.4",
        "entities": "^7.0.1",
        "whatwg-mimetype": "^3.0.0",
        "ws": "^8.21.0"
      },
      "engines": {
        "node": ">=20.0.0"
      }
    },
    "node_modules/pulltorefreshjs": {
      "version": "0.1.22",
      "resolved": "https://registry.npmjs.org/pulltorefreshjs/-/pulltorefreshjs-0.1.22.tgz",
      "integrity": "sha512-haxNVEHnS4NCQA7NeG7TSV69z4uqy/N7nfPRuc4dPWe8H6ygUrMjdNeohE+6v0lVVX/ukSjbLYwPUGUYtFKfvQ==",
      "dev": true,
      "license": "MIT"
    },
    "node_modules/sortablejs": {
      "version": "1.15.7",
      "resolved": "https://registry.npmjs.org/sortablejs/-/sortablejs-1.15.7.tgz",
      "integrity": "sha512-Kk8wLQPlS+yi1ZEf48a4+fzHa4yxjC30M/Sr2AnQu+f/MPwvvX9XjZ6OWejiz8crBsLwSq8GHqaxaET7u6ux0A==",
      "dev": true,
      "license": "MIT"
    },
    "node_modules/tabbable": {
      "version": "6.5.0",
      "resolved": "https://registry.npmjs.org/tabbable/-/tabbable-6.5.0.tgz",
      "integrity": "sha512-wieBHXygIm7OyQOu5hQlkk62/WyCFYGlWg7L6/ZCUZwx0o398Zkn4pVmMyfYhfMG8kGrj/Krt8eIk6UKC6VzwA==",
      "dev": true,
      "license": "MIT"
    },
    "node_modules/tslib": {
      "version": "2.3.0",
      "resolved": "https://registry.npmjs.org/tslib/-/tslib-2.3.0.tgz",
      "integrity": "sha512-N82ooyxVNm6h1riLCoyS9e3fuJ3AMG2zIZs2Gd1ATcSFjSA23Q0fzjjZeh0jbJvWVDZ0cJT8yaNNaaXHzueNjg==",
      "dev": true,
      "license": "0BSD"
    },
    "node_modules/undici-types": {
      "version": "8.9.0",
      "resolved": "https://registry.npmjs.org/undici-types/-/undici-types-8.9.0.tgz",
      "integrity": "sha512-KTDyRTYX8sWmKXAikPHHSyc63CRPETMctyjKFupcC6OBLXT3xsN0e9aF7m+mIXutFWpUXuedtowG7iLOzp0kQg==",
      "dev": true,
      "license": "MIT"
    },
    "node_modules/whatwg-mimetype": {
      "version": "3.0.0",
      "resolved": "https://registry.npmjs.org/whatwg-mimetype/-/whatwg-mimetype-3.0.0.tgz",
      "integrity": "sha512-nt+N2dzIutVRxARx1nghPKGv1xHikU7HKdfafKkLNLindmPU/ch3U31NOCGGA/dmPcmb1VlofO0vnKAcsm0o/Q==",
      "dev": true,
      "license": "MIT",
      "engines": {
        "node": ">=12"
      }
    },
    "node_modules/ws": {
      "version": "8.22.0",
      "resolved": "https://registry.npmjs.org/ws/-/ws-8.22.0.tgz",
      "integrity": "sha512-Ydggc987+RO0AnWtZ/7Wq9FtNvcrL1b/RO0ud9mWjUPgDrsAAwQSF51sm2hm1XofbU/4jkpGEsLFsZZxU+1DOg==",
      "dev": true,
      "license": "MIT",
      "engines": {
        "node": ">=10.0.0"
      },
      "peerDependencies": {
        "bufferutil": "^4.0.1",
        "utf-8-validate": ">=5.0.2"
      },
      "peerDependenciesMeta": {
        "bufferutil": {
          "optional": true
        },
        "utf-8-validate": {
          "optional": true
        }
      }
    },
    "node_modules/zrender": {
      "version": "6.1.0",
      "resolved": "https://registry.npmjs.org/zrender/-/zrender-6.1.0.tgz",
      "integrity": "sha512-oEGMDB6pOP2S6OwRR4PdVv610zrjnA3Bh+JnSG12fYJlBKjtNAoEb5fSUoCOOINlH96I2fU38/A2UpRKs67xYQ==",
      "dev": true,
      "license": "BSD-3-Clause",
      "dependencies": {
        "tslib": "2.3.0"
      }
    }
  }
}
